
Microsoft Visual Studio Solution File, Format Version 12.00
# Visual Studio Version 16
VisualStudioVersion = 16.0.30717.126
MinimumVisualStudioVersion = 10.0.40219.1
Project("{FAE04EC0-301F-11D3-BF4B-00C04F79EFBC}") = "DilbertPoster", "DilbertPoster.csproj", "{A0ECCCA3-0717-48EB-9418-776185C1F536}"
EndProject
Global
	GlobalSection(SolutionConfigurationPlatforms) = preSolution
		Debug|Any CPU = Debug|Any CPU
		Release|Any CPU = Release|Any CPU
	EndGlobalSection
	GlobalSection(ProjectConfigurationPlatforms) = postSolution
		{A0ECCCA3-0717-48EB-9418-776185C1F536}.Debug|Any CPU.ActiveCfg = Debug|Any CPU
		{A0ECCCA3-0717-48EB-9418-776185C1F536}.Debug|Any CPU.Build.0 = Debug|Any CPU
		{A0ECCCA3-0717-48EB-9418-776185C1F536}.Release|Any CPU.ActiveCfg = Release|Any CPU
		{A0ECCCA3-0717-48EB-9418-776185C1F536}.Release|Any CPU.Build.0 = Release|Any CPU
	EndGlobalSection
	GlobalSection(SolutionProperties) = preSolution
		HideSolutionNode = FALSE
	EndGlobalSection
	GlobalSection(ExtensibilityGlobals) = postSolution
		SolutionGuid = {122B62C2-27E7-4CB0-AAA2-BC20ED5FCABB}
	EndGlobalSection
EndGlobal
